
Microsoft Visual Studio Solution File, Format Version 12.00
Project("{FAE04EC0-301F-11D3-BF4B-00C04F79EFBC}") = "ElitistFizzBuzz", "ElitistFizzBuzz.csproj", "{EF33063F-2BDC-4576-BCDA-8B64B6252941}"
EndProject
Global
	GlobalSection(SolutionConfigurationPlatforms) = preSolution
		Debug|Any CPU = Debug|Any CPU
		Release|Any CPU = Release|Any CPU
	EndGlobalSection
	GlobalSection(ProjectConfigurationPlatforms) = postSolution
		{EF33063F-2BDC-4576-BCDA-8B64B6252941}.Debug|Any CPU.ActiveCfg = Debug|Any CPU
		{EF33063F-2BDC-4576-BCDA-8B64B6252941}.Debug|Any CPU.Build.0 = Debug|Any CPU
		{EF33063F-2BDC-4576-BCDA-8B64B6252941}.Release|Any CPU.ActiveCfg = Release|Any CPU
		{EF33063F-2BDC-4576-BCDA-8B64B6252941}.Release|Any CPU.Build.0 = Release|Any CPU
	EndGlobalSection
EndGlobal
